
Microsoft Visual Studio Solution File, Format Version 12.00
# Visual Studio Version 17
VisualStudioVersion = 17.0.31612.314
MinimumVisualStudioVersion = 10.0.40219.1
Project("{9A19103F-16F7-4668-BE54-9A1E7A4F7556}") = "DotCast.App", "DotCast.App\DotCast.App.csproj", "{FF8F5857-C734-4D96-9D81-6CB2197E4C4E}"
EndProject
Project("{9A19103F-16F7-4668-BE54-9A1E7A4F7556}") = "DotCast.RssGenerator.Base", "DotCast.RssGenerator.Base\DotCast.RssGenerator.Base.csproj", "{CFF4FDB3-8B3F-417D-A80D-4DB680F660D2}"
EndProject
Project("{9A19103F-16F7-4668-BE54-9A1E7A4F7556}") = "DotCast.Infrastructure.BookInfoProvider.DatabazeKnih", "DotCast.Infrastructure.BookInfoProvider.DatabazeKnih\DotCast.Infrastructure.BookInfoProvider.DatabazeKnih.csproj", "{C10DDE31-6BDB-40C4-9674-3C08EFC4382E}"
EndProject
Project("{9A19103F-16F7-4668-BE54-9A1E7A4F7556}") = "DotCast.Infrastructure.BookInfoProvider.Base", "DotCast.Infrastructure.BookInfoProvider.Base\DotCast.Infrastructure.BookInfoProvider.Base.csproj", "{4A5F2C45-73E9-4736-8C5C-E9D46495C4DD}"
EndProject
Project("{9A19103F-16F7-4668-BE54-9A1E7A4F7556}") = "DotCast.SharedKernel", "DotCast.SharedKernel\DotCast.SharedKernel.csproj", "{D8A8D06B-425E-48E9-A35F-221B0271EEC0}"
EndProject
Project("{9A19103F-16F7-4668-BE54-9A1E7A4F7556}") = "DotCast.Library", "DotCast.Library\DotCast.Library.csproj", "{D9D6BB68-D68B-4094-9A79-DD5C8E295943}"
EndProject
Project("{2150E333-8FDC-42A3-9474-1A3956D46DE8}") = "Library", "Library", "{85AD9486-A944-4995-96FB-CCAFC0B1E844}"
EndProject
Project("{2150E333-8FDC-42A3-9474-1A3956D46DE8}") = "Infrastructure", "Infrastructure", "{EA69969F-CF6E-4C9E-B710-5AFD20CD54AB}"
EndProject
Project("{2150E333-8FDC-42A3-9474-1A3956D46DE8}") = "Storage", "Storage", "{BA58C0A0-8676-4B53-B00F-8BA7A5ADE290}"
EndProject
Project("{9A19103F-16F7-4668-BE54-9A1E7A4F7556}") = "DotCast.Storage", "DotCast.Storage\DotCast.Storage.csproj", "{1693AE88-1DC0-4141-9323-7B46555ADE16}"
EndProject
Project("{2150E333-8FDC-42A3-9474-1A3956D46DE8}") = "Infrastructure", "Infrastructure", "{C031E9A9-0B65-4CBF-9391-B894446203B5}"
EndProject
Project("{9A19103F-16F7-4668-BE54-9A1E7A4F7556}") = "DotCast.Infrastructure.MetadataManager", "DotCast.Infrastructure.MetadataManager\DotCast.Infrastructure.MetadataManager.csproj", "{203526F7-7EFA-4A88-8C54-E467DEB13B0E}"
EndProject
Project("{9A19103F-16F7-4668-BE54-9A1E7A4F7556}") = "DotCast.Storage.Abstractions", "DotCast.Storage.Abstractions\DotCast.Storage.Abstractions.csproj", "{DEB9D45F-D962-49D8-8B7E-4DCD53E2591B}"
EndProject
Project("{2150E333-8FDC-42A3-9474-1A3956D46DE8}") = "BookInfoProvider", "BookInfoProvider", "{E1FC4500-5A70-46F0-B4FA-BBD932AD0949}"
EndProject
Project("{2150E333-8FDC-42A3-9474-1A3956D46DE8}") = "Infrastructure", "Infrastructure", "{B96DE0DF-BF7F-4E22-B312-501D88ADFA91}"
EndProject
Project("{9A19103F-16F7-4668-BE54-9A1E7A4F7556}") = "DotCast.BookInfoProvider", "DotCast.BookInfoProvider\DotCast.BookInfoProvider.csproj", "{59C0F113-5BD5-48A3-9BE1-C4AC2DF55103}"
EndProject
Project("{9A19103F-16F7-4668-BE54-9A1E7A4F7556}") = "DotCast.Infrastructure.PresignedUrls", "DotCast.Infrastructure.PresignedUrls\DotCast.Infrastructure.PresignedUrls.csproj", "{03868F16-6117-40F8-945A-F3AA159DCE3C}"
EndProject
Project("{2150E333-8FDC-42A3-9474-1A3956D46DE8}") = "PresignedUrls", "PresignedUrls", "{2EF26999-A052-45E4-A7CD-8D57DC9AB4B1}"
EndProject
Project("{9A19103F-16F7-4668-BE54-9A1E7A4F7556}") = "DotCast.Infrastructure.PresignedUrls.Tests", "DotCast.Infrastructure.PresignedUrls.Tests\DotCast.Infrastructure.PresignedUrls.Tests.csproj", "{54242DA7-9864-4357-A1C7-7C86204BB876}"
EndProject
Project("{9A19103F-16F7-4668-BE54-9A1E7A4F7556}") = "DotCast.Infrastructure.Gateway.Abstractions", "DotCast.Infrastructure.Gateway.Abstractions\DotCast.Infrastructure.Gateway.Abstractions.csproj", "{7A03FCBC-E936-4FF6-8289-1E1BD81294DB}"
EndProject
Project("{9A19103F-16F7-4668-BE54-9A1E7A4F7556}") = "DotCast.Storage.API", "DotCast.Storage.API\DotCast.Storage.API.csproj", "{2AFA5BB4-D5FD-488B-9B54-4CBAB5DF5541}"
EndProject
Project("{9A19103F-16F7-4668-BE54-9A1E7A4F7556}") = "DotCast.Infrastructure.MimeType", "DotCast.Infrastructure.MimeType\DotCast.Infrastructure.MimeType.csproj", "{CEB61FD0-F023-4417-A659-20187D8B3635}"
EndProject
Project("{2150E333-8FDC-42A3-9474-1A3956D46DE8}") = "Processing", "Processing", "{275A9FD0-CE81-4CEC-BD21-6A3510B63226}"
EndProject
Project("{9A19103F-16F7-4668-BE54-9A1E7A4F7556}") = "DotCast.Storage.Processing.Abstractions", "DotCast.Storage.Processing.Abstractions\DotCast.Storage.Processing.Abstractions.csproj", "{43A2E8A1-332C-44F3-A246-0B57912C1E6E}"
EndProject
Project("{9A19103F-16F7-4668-BE54-9A1E7A4F7556}") = "DotCast.Storage.Processing", "DotCast.Storage.Processing\DotCast.Storage.Processing.csproj", "{DBF62837-5F71-4AE5-B889-6BB87316EDF4}"
EndProject
Project("{2150E333-8FDC-42A3-9474-1A3956D46DE8}") = "Steps", "Steps", "{C61A705E-EF08-46B9-86FE-B887D2B34FE0}"
EndProject
Project("{9A19103F-16F7-4668-BE54-9A1E7A4F7556}") = "DotCast.Storage.Processing.Steps.Unzip", "DotCast.Storage.Processing.Steps.Unzip\DotCast.Storage.Processing.Steps.Unzip.csproj", "{BC84B2A8-6BE6-47F9-8405-B8B09B201053}"
EndProject
Project("{9A19103F-16F7-4668-BE54-9A1E7A4F7556}") = "DotCast.Infrastructure.Archival", "DotCast.Infrastructure.Archival\DotCast.Infrastructure.Archival.csproj", "{B2CEA59A-8AA2-4F4E-B4B2-13B78706C063}"
EndProject
Project("{9A19103F-16F7-4668-BE54-9A1E7A4F7556}") = "DotCast.Storage.Processing.Steps.Zip", "DotCast.Storage.Processing.Steps.Zip\DotCast.Storage.Processing.Steps.Zip.csproj", "{13B92CD3-605F-4217-A102-F0F41876EE86}"
EndProject
Project("{9A19103F-16F7-4668-BE54-9A1E7A4F7556}") = "DotCast.Library.API", "DotCast.Library.API\DotCast.Library.API.csproj", "{07B08B96-EA7A-4BF6-A47F-85BE15E8E4E4}"
EndProject
Project("{9A19103F-16F7-4668-BE54-9A1E7A4F7556}") = "DotCast.Infrastructure.M3U", "DotCast.Infrastructure.M3U\DotCast.Infrastructure.M3U.csproj", "{E466D7FD-AA4A-4B9A-91B0-4AD6E8B15DE6}"
EndProject
Project("{9A19103F-16F7-4668-BE54-9A1E7A4F7556}") = "DotCast.Storage.Processing.Steps.UpdateMetadata", "DotCast.Storage.Processing.Steps.UpdateMetadata\DotCast.Storage.Processing.Steps.UpdateMetadata.csproj", "{D0A61435-240B-4780-A9A5-179657B0ECA1}"
EndProject
Project("{9A19103F-16F7-4668-BE54-9A1E7A4F7556}") = "DotCast.Storage.Processing.Steps.FileNameNormalization", "DotCast.Storage.Processing.Steps.FileNameNormalization\DotCast.Storage.Processing.Steps.FileNameNormalization.csproj", "{EF496F8F-8CFD-4242-A6C4-2BAD4FD49C79}"
EndProject
Project("{9A19103F-16F7-4668-BE54-9A1E7A4F7556}") = "DotCast.Infrastructure.FileNameNormalization", "DotCast.Infrastructure.FileNameNormalization\DotCast.Infrastructure.FileNameNormalization.csproj", "{45CB5CA1-4B13-4D7A-BDFF-15A50540FF3C}"
EndProject
Project("{9A19103F-16F7-4668-BE54-9A1E7A4F7556}") = "DotCast.Storage.Processing.Steps.MP4A", "DotCast.Storage.Processing.Steps.MP4A\DotCast.Storage.Processing.Steps.MP4A.csproj", "{4C659EE9-3E6D-49CD-A92A-472969816333}"
EndProject
Project("{2150E333-8FDC-42A3-9474-1A3956D46DE8}") = "3. Shared Infrastructure", "3. Shared Infrastructure", "{01CB421D-9CBF-483F-BDDE-0838EAE1E0AB}"
EndProject
Project("{9A19103F-16F7-4668-BE54-9A1E7A4F7556}") = "Shared.Infrastructure.Persistence.Marten", "infrastructure\Shared.Infrastructure.Persistence.Marten\Shared.Infrastructure.Persistence.Marten.csproj", "{35F306D7-72D9-48E3-A3F8-80251531A022}"
EndProject
Project("{9A19103F-16F7-4668-BE54-9A1E7A4F7556}") = "Shared.Infrastructure.CurrentTenancyProvider", "infrastructure\Shared.Infrastructure.CurrentTenancyProvider\Shared.Infrastructure.CurrentTenancyProvider.csproj", "{69DF9F2E-FCC2-46B2-9466-45443E994EA7}"
EndProject
Project("{9A19103F-16F7-4668-BE54-9A1E7A4F7556}") = "Shared.Infrastructure.IoC", "infrastructure\Shared.Infrastructure.IoC\Shared.Infrastructure.IoC.csproj", "{E94A3C64-38BC-4450-A412-47653402F2DC}"
EndProject
Project("{9A19103F-16F7-4668-BE54-9A1E7A4F7556}") = "Shared.Infrastructure.Initializer", "infrastructure\Shared.Infrastructure.Initializer\Shared.Infrastructure.Initializer.csproj", "{F6DA5D15-E636-44E4-B5BB-512D11B81ECB}"
EndProject
Project("{9A19103F-16F7-4668-BE54-9A1E7A4F7556}") = "Shared.Infrastructure.LeaderElection", "infrastructure\Shared.Infrastructure.LeaderElection\Shared.Infrastructure.LeaderElection.csproj", "{C82F8824-E91D-48B1-B072-F2AB9DE9EC00}"
EndProject
Project("{9A19103F-16F7-4668-BE54-9A1E7A4F7556}") = "Shared.Infrastructure.Persistence", "infrastructure\Shared.Infrastructure.Persistence\Shared.Infrastructure.Persistence.csproj", "{DAD119C7-8944-48B5-9F83-002EE15EADBD}"
EndProject
Project("{9A19103F-16F7-4668-BE54-9A1E7A4F7556}") = "Shared.Infrastructure.UnitOfWork", "infrastructure\Shared.Infrastructure.UnitOfWork\Shared.Infrastructure.UnitOfWork.csproj", "{35F0029D-26AD-4AE7-88FD-C8E088DE60E7}"
EndProject
Project("{2150E333-8FDC-42A3-9474-1A3956D46DE8}") = "1. APP", "1. APP", "{5EEB6D94-130A-489E-9132-C1EFB85B43B2}"
EndProject
Project("{2150E333-8FDC-42A3-9474-1A3956D46DE8}") = "2. Modules", "2. Modules", "{324B44DE-CB36-4DAC-8015-E7BF279F91C6}"
EndProject
Global
	GlobalSection(SolutionConfigurationPlatforms) = preSolution
		Debug|Any CPU = Debug|Any CPU
		Release|Any CPU = Release|Any CPU
	EndGlobalSection
	GlobalSection(ProjectConfigurationPlatforms) = postSolution
		{FF8F5857-C734-4D96-9D81-6CB2197E4C4E}.Debug|Any CPU.ActiveCfg = Debug|Any CPU
		{FF8F5857-C734-4D96-9D81-6CB2197E4C4E}.Debug|Any CPU.Build.0 = Debug|Any CPU
		{FF8F5857-C734-4D96-9D81-6CB2197E4C4E}.Release|Any CPU.ActiveCfg = Release|Any CPU
		{FF8F5857-C734-4D96-9D81-6CB2197E4C4E}.Release|Any CPU.Build.0 = Release|Any CPU
		{CFF4FDB3-8B3F-417D-A80D-4DB680F660D2}.Debug|Any CPU.ActiveCfg = Debug|Any CPU
		{CFF4FDB3-8B3F-417D-A80D-4DB680F660D2}.Debug|Any CPU.Build.0 = Debug|Any CPU
		{CFF4FDB3-8B3F-417D-A80D-4DB680F660D2}.Release|Any CPU.ActiveCfg = Release|Any CPU
		{CFF4FDB3-8B3F-417D-A80D-4DB680F660D2}.Release|Any CPU.Build.0 = Release|Any CPU
		{C10DDE31-6BDB-40C4-9674-3C08EFC4382E}.Debug|Any CPU.ActiveCfg = Debug|Any CPU
		{C10DDE31-6BDB-40C4-9674-3C08EFC4382E}.Debug|Any CPU.Build.0 = Debug|Any CPU
		{C10DDE31-6BDB-40C4-9674-3C08EFC4382E}.Release|Any CPU.ActiveCfg = Release|Any CPU
		{C10DDE31-6BDB-40C4-9674-3C08EFC4382E}.Release|Any CPU.Build.0 = Release|Any CPU
		{4A5F2C45-73E9-4736-8C5C-E9D46495C4DD}.Debug|Any CPU.ActiveCfg = Debug|Any CPU
		{4A5F2C45-73E9-4736-8C5C-E9D46495C4DD}.Debug|Any CPU.Build.0 = Debug|Any CPU
		{4A5F2C45-73E9-4736-8C5C-E9D46495C4DD}.Release|Any CPU.ActiveCfg = Release|Any CPU
		{4A5F2C45-73E9-4736-8C5C-E9D46495C4DD}.Release|Any CPU.Build.0 = Release|Any CPU
		{D8A8D06B-425E-48E9-A35F-221B0271EEC0}.Debug|Any CPU.ActiveCfg = Debug|Any CPU
		{D8A8D06B-425E-48E9-A35F-221B0271EEC0}.Debug|Any CPU.Build.0 = Debug|Any CPU
		{D8A8D06B-425E-48E9-A35F-221B0271EEC0}.Release|Any CPU.ActiveCfg = Release|Any CPU
		{D8A8D06B-425E-48E9-A35F-221B0271EEC0}.Release|Any CPU.Build.0 = Release|Any CPU
		{D9D6BB68-D68B-4094-9A79-DD5C8E295943}.Debug|Any CPU.ActiveCfg = Debug|Any CPU
		{D9D6BB68-D68B-4094-9A79-DD5C8E295943}.Debug|Any CPU.Build.0 = Debug|Any CPU
		{D9D6BB68-D68B-4094-9A79-DD5C8E295943}.Release|Any CPU.ActiveCfg = Release|Any CPU
		{D9D6BB68-D68B-4094-9A79-DD5C8E295943}.Release|Any CPU.Build.0 = Release|Any CPU
		{1693AE88-1DC0-4141-9323-7B46555ADE16}.Debug|Any CPU.ActiveCfg = Debug|Any CPU
		{1693AE88-1DC0-4141-9323-7B46555ADE16}.Debug|Any CPU.Build.0 = Debug|Any CPU
		{1693AE88-1DC0-4141-9323-7B46555ADE16}.Release|Any CPU.ActiveCfg = Release|Any CPU
		{1693AE88-1DC0-4141-9323-7B46555ADE16}.Release|Any CPU.Build.0 = Release|Any CPU
		{203526F7-7EFA-4A88-8C54-E467DEB13B0E}.Debug|Any CPU.ActiveCfg = Debug|Any CPU
		{203526F7-7EFA-4A88-8C54-E467DEB13B0E}.Debug|Any CPU.Build.0 = Debug|Any CPU
		{203526F7-7EFA-4A88-8C54-E467DEB13B0E}.Release|Any CPU.ActiveCfg = Release|Any CPU
		{203526F7-7EFA-4A88-8C54-E467DEB13B0E}.Release|Any CPU.Build.0 = Release|Any CPU
		{DEB9D45F-D962-49D8-8B7E-4DCD53E2591B}.Debug|Any CPU.ActiveCfg = Debug|Any CPU
		{DEB9D45F-D962-49D8-8B7E-4DCD53E2591B}.Debug|Any CPU.Build.0 = Debug|Any CPU
		{DEB9D45F-D962-49D8-8B7E-4DCD53E2591B}.Release|Any CPU.ActiveCfg = Release|Any CPU
		{DEB9D45F-D962-49D8-8B7E-4DCD53E2591B}.Release|Any CPU.Build.0 = Release|Any CPU
		{59C0F113-5BD5-48A3-9BE1-C4AC2DF55103}.Debug|Any CPU.ActiveCfg = Debug|Any CPU
		{59C0F113-5BD5-48A3-9BE1-C4AC2DF55103}.Debug|Any CPU.Build.0 = Debug|Any CPU
		{59C0F113-5BD5-48A3-9BE1-C4AC2DF55103}.Release|Any CPU.ActiveCfg = Release|Any CPU
		{59C0F113-5BD5-48A3-9BE1-C4AC2DF55103}.Release|Any CPU.Build.0 = Release|Any CPU
		{03868F16-6117-40F8-945A-F3AA159DCE3C}.Debug|Any CPU.ActiveCfg = Debug|Any CPU
		{03868F16-6117-40F8-945A-F3AA159DCE3C}.Debug|Any CPU.Build.0 = Debug|Any CPU
		{03868F16-6117-40F8-945A-F3AA159DCE3C}.Release|Any CPU.ActiveCfg = Release|Any CPU
		{03868F16-6117-40F8-945A-F3AA159DCE3C}.Release|Any CPU.Build.0 = Release|Any CPU
		{54242DA7-9864-4357-A1C7-7C86204BB876}.Debug|Any CPU.ActiveCfg = Debug|Any CPU
		{54242DA7-9864-4357-A1C7-7C86204BB876}.Debug|Any CPU.Build.0 = Debug|Any CPU
		{54242DA7-9864-4357-A1C7-7C86204BB876}.Release|Any CPU.ActiveCfg = Release|Any CPU
		{54242DA7-9864-4357-A1C7-7C86204BB876}.Release|Any CPU.Build.0 = Release|Any CPU
		{7A03FCBC-E936-4FF6-8289-1E1BD81294DB}.Debug|Any CPU.ActiveCfg = Debug|Any CPU
		{7A03FCBC-E936-4FF6-8289-1E1BD81294DB}.Debug|Any CPU.Build.0 = Debug|Any CPU
		{7A03FCBC-E936-4FF6-8289-1E1BD81294DB}.Release|Any CPU.ActiveCfg = Release|Any CPU
		{7A03FCBC-E936-4FF6-8289-1E1BD81294DB}.Release|Any CPU.Build.0 = Release|Any CPU
		{2AFA5BB4-D5FD-488B-9B54-4CBAB5DF5541}.Debug|Any CPU.ActiveCfg = Debug|Any CPU
		{2AFA5BB4-D5FD-488B-9B54-4CBAB5DF5541}.Debug|Any CPU.Build.0 = Debug|Any CPU
		{2AFA5BB4-D5FD-488B-9B54-4CBAB5DF5541}.Release|Any CPU.ActiveCfg = Release|Any CPU
		{2AFA5BB4-D5FD-488B-9B54-4CBAB5DF5541}.Release|Any CPU.Build.0 = Release|Any CPU
		{CEB61FD0-F023-4417-A659-20187D8B3635}.Debug|Any CPU.ActiveCfg = Debug|Any CPU
		{CEB61FD0-F023-4417-A659-20187D8B3635}.Debug|Any CPU.Build.0 = Debug|Any CPU
		{CEB61FD0-F023-4417-A659-20187D8B3635}.Release|Any CPU.ActiveCfg = Release|Any CPU
		{CEB61FD0-F023-4417-A659-20187D8B3635}.Release|Any CPU.Build.0 = Release|Any CPU
		{43A2E8A1-332C-44F3-A246-0B57912C1E6E}.Debug|Any CPU.ActiveCfg = Debug|Any CPU
		{43A2E8A1-332C-44F3-A246-0B57912C1E6E}.Debug|Any CPU.Build.0 = Debug|Any CPU
		{43A2E8A1-332C-44F3-A246-0B57912C1E6E}.Release|Any CPU.ActiveCfg = Release|Any CPU
		{43A2E8A1-332C-44F3-A246-0B57912C1E6E}.Release|Any CPU.Build.0 = Release|Any CPU
		{DBF62837-5F71-4AE5-B889-6BB87316EDF4}.Debug|Any CPU.ActiveCfg = Debug|Any CPU
		{DBF62837-5F71-4AE5-B889-6BB87316EDF4}.Debug|Any CPU.Build.0 = Debug|Any CPU
		{DBF62837-5F71-4AE5-B889-6BB87316EDF4}.Release|Any CPU.ActiveCfg = Release|Any CPU
		{DBF62837-5F71-4AE5-B889-6BB87316EDF4}.Release|Any CPU.Build.0 = Release|Any CPU
		{BC84B2A8-6BE6-47F9-8405-B8B09B201053}.Debug|Any CPU.ActiveCfg = Debug|Any CPU
		{BC84B2A8-6BE6-47F9-8405-B8B09B201053}.Debug|Any CPU.Build.0 = Debug|Any CPU
		{BC84B2A8-6BE6-47F9-8405-B8B09B201053}.Release|Any CPU.ActiveCfg = Release|Any CPU
		{BC84B2A8-6BE6-47F9-8405-B8B09B201053}.Release|Any CPU.Build.0 = Release|Any CPU
		{B2CEA59A-8AA2-4F4E-B4B2-13B78706C063}.Debug|Any CPU.ActiveCfg = Debug|Any CPU
		{B2CEA59A-8AA2-4F4E-B4B2-13B78706C063}.Debug|Any CPU.Build.0 = Debug|Any CPU
		{B2CEA59A-8AA2-4F4E-B4B2-13B78706C063}.Release|Any CPU.ActiveCfg = Release|Any CPU
		{B2CEA59A-8AA2-4F4E-B4B2-13B78706C063}.Release|Any CPU.Build.0 = Release|Any CPU
		{13B92CD3-605F-4217-A102-F0F41876EE86}.Debug|Any CPU.ActiveCfg = Debug|Any CPU
		{13B92CD3-605F-4217-A102-F0F41876EE86}.Debug|Any CPU.Build.0 = Debug|Any CPU
		{13B92CD3-605F-4217-A102-F0F41876EE86}.Release|Any CPU.ActiveCfg = Release|Any CPU
		{13B92CD3-605F-4217-A102-F0F41876EE86}.Release|Any CPU.Build.0 = Release|Any CPU
		{07B08B96-EA7A-4BF6-A47F-85BE15E8E4E4}.Debug|Any CPU.ActiveCfg = Debug|Any CPU
		{07B08B96-EA7A-4BF6-A47F-85BE15E8E4E4}.Debug|Any CPU.Build.0 = Debug|Any CPU
		{07B08B96-EA7A-4BF6-A47F-85BE15E8E4E4}.Release|Any CPU.ActiveCfg = Release|Any CPU
		{07B08B96-EA7A-4BF6-A47F-85BE15E8E4E4}.Release|Any CPU.Build.0 = Release|Any CPU
		{E466D7FD-AA4A-4B9A-91B0-4AD6E8B15DE6}.Debug|Any CPU.ActiveCfg = Debug|Any CPU
		{E466D7FD-AA4A-4B9A-91B0-4AD6E8B15DE6}.Debug|Any CPU.Build.0 = Debug|Any CPU
		{E466D7FD-AA4A-4B9A-91B0-4AD6E8B15DE6}.Release|Any CPU.ActiveCfg = Release|Any CPU
		{E466D7FD-AA4A-4B9A-91B0-4AD6E8B15DE6}.Release|Any CPU.Build.0 = Release|Any CPU
		{D0A61435-240B-4780-A9A5-179657B0ECA1}.Debug|Any CPU.ActiveCfg = Debug|Any CPU
		{D0A61435-240B-4780-A9A5-179657B0ECA1}.Debug|Any CPU.Build.0 = Debug|Any CPU
		{D0A61435-240B-4780-A9A5-179657B0ECA1}.Release|Any CPU.ActiveCfg = Release|Any CPU
		{D0A61435-240B-4780-A9A5-179657B0ECA1}.Release|Any CPU.Build.0 = Release|Any CPU
		{EF496F8F-8CFD-4242-A6C4-2BAD4FD49C79}.Debug|Any CPU.ActiveCfg = Debug|Any CPU
		{EF496F8F-8CFD-4242-A6C4-2BAD4FD49C79}.Debug|Any CPU.Build.0 = Debug|Any CPU
		{EF496F8F-8CFD-4242-A6C4-2BAD4FD49C79}.Release|Any CPU.ActiveCfg = Release|Any CPU
		{EF496F8F-8CFD-4242-A6C4-2BAD4FD49C79}.Release|Any CPU.Build.0 = Release|Any CPU
		{45CB5CA1-4B13-4D7A-BDFF-15A50540FF3C}.Debug|Any CPU.ActiveCfg = Debug|Any CPU
		{45CB5CA1-4B13-4D7A-BDFF-15A50540FF3C}.Debug|Any CPU.Build.0 = Debug|Any CPU
		{45CB5CA1-4B13-4D7A-BDFF-15A50540FF3C}.Release|Any CPU.ActiveCfg = Release|Any CPU
		{45CB5CA1-4B13-4D7A-BDFF-15A50540FF3C}.Release|Any CPU.Build.0 = Release|Any CPU
		{4C659EE9-3E6D-49CD-A92A-472969816333}.Debug|Any CPU.ActiveCfg = Debug|Any CPU
		{4C659EE9-3E6D-49CD-A92A-472969816333}.Debug|Any CPU.Build.0 = Debug|Any CPU
		{4C659EE9-3E6D-49CD-A92A-472969816333}.Release|Any CPU.ActiveCfg = Release|Any CPU
		{4C659EE9-3E6D-49CD-A92A-472969816333}.Release|Any CPU.Build.0 = Release|Any CPU
		{35F306D7-72D9-48E3-A3F8-80251531A022}.Debug|Any CPU.ActiveCfg = Debug|Any CPU
		{35F306D7-72D9-48E3-A3F8-80251531A022}.Debug|Any CPU.Build.0 = Debug|Any CPU
		{35F306D7-72D9-48E3-A3F8-80251531A022}.Release|Any CPU.ActiveCfg = Release|Any CPU
		{35F306D7-72D9-48E3-A3F8-80251531A022}.Release|Any CPU.Build.0 = Release|Any CPU
		{69DF9F2E-FCC2-46B2-9466-45443E994EA7}.Debug|Any CPU.ActiveCfg = Debug|Any CPU
		{69DF9F2E-FCC2-46B2-9466-45443E994EA7}.Debug|Any CPU.Build.0 = Debug|Any CPU
		{69DF9F2E-FCC2-46B2-9466-45443E994EA7}.Release|Any CPU.ActiveCfg = Release|Any CPU
		{69DF9F2E-FCC2-46B2-9466-45443E994EA7}.Release|Any CPU.Build.0 = Release|Any CPU
		{E94A3C64-38BC-4450-A412-47653402F2DC}.Debug|Any CPU.ActiveCfg = Debug|Any CPU
		{E94A3C64-38BC-4450-A412-47653402F2DC}.Debug|Any CPU.Build.0 = Debug|Any CPU
		{E94A3C64-38BC-4450-A412-47653402F2DC}.Release|Any CPU.ActiveCfg = Release|Any CPU
		{E94A3C64-38BC-4450-A412-47653402F2DC}.Release|Any CPU.Build.0 = Release|Any CPU
		{F6DA5D15-E636-44E4-B5BB-512D11B81ECB}.Debug|Any CPU.ActiveCfg = Debug|Any CPU
		{F6DA5D15-E636-44E4-B5BB-512D11B81ECB}.Debug|Any CPU.Build.0 = Debug|Any CPU
		{F6DA5D15-E636-44E4-B5BB-512D11B81ECB}.Release|Any CPU.ActiveCfg = Release|Any CPU
		{F6DA5D15-E636-44E4-B5BB-512D11B81ECB}.Release|Any CPU.Build.0 = Release|Any CPU
		{C82F8824-E91D-48B1-B072-F2AB9DE9EC00}.Debug|Any CPU.ActiveCfg = Debug|Any CPU
		{C82F8824-E91D-48B1-B072-F2AB9DE9EC00}.Debug|Any CPU.Build.0 = Debug|Any CPU
		{C82F8824-E91D-48B1-B072-F2AB9DE9EC00}.Release|Any CPU.ActiveCfg = Release|Any CPU
		{C82F8824-E91D-48B1-B072-F2AB9DE9EC00}.Release|Any CPU.Build.0 = Release|Any CPU
		{DAD119C7-8944-48B5-9F83-002EE15EADBD}.Debug|Any CPU.ActiveCfg = Debug|Any CPU
		{DAD119C7-8944-48B5-9F83-002EE15EADBD}.Debug|Any CPU.Build.0 = Debug|Any CPU
		{DAD119C7-8944-48B5-9F83-002EE15EADBD}.Release|Any CPU.ActiveCfg = Release|Any CPU
		{DAD119C7-8944-48B5-9F83-002EE15EADBD}.Release|Any CPU.Build.0 = Release|Any CPU
		{35F0029D-26AD-4AE7-88FD-C8E088DE60E7}.Debug|Any CPU.ActiveCfg = Debug|Any CPU
		{35F0029D-26AD-4AE7-88FD-C8E088DE60E7}.Debug|Any CPU.Build.0 = Debug|Any CPU
		{35F0029D-26AD-4AE7-88FD-C8E088DE60E7}.Release|Any CPU.ActiveCfg = Release|Any CPU
		{35F0029D-26AD-4AE7-88FD-C8E088DE60E7}.Release|Any CPU.Build.0 = Release|Any CPU
	EndGlobalSection
	GlobalSection(SolutionProperties) = preSolution
		HideSolutionNode = FALSE
	EndGlobalSection
	GlobalSection(NestedProjects) = preSolution
		{FF8F5857-C734-4D96-9D81-6CB2197E4C4E} = {5EEB6D94-130A-489E-9132-C1EFB85B43B2}
		{CFF4FDB3-8B3F-417D-A80D-4DB680F660D2} = {EA69969F-CF6E-4C9E-B710-5AFD20CD54AB}
		{C10DDE31-6BDB-40C4-9674-3C08EFC4382E} = {B96DE0DF-BF7F-4E22-B312-501D88ADFA91}
		{4A5F2C45-73E9-4736-8C5C-E9D46495C4DD} = {B96DE0DF-BF7F-4E22-B312-501D88ADFA91}
		{D8A8D06B-425E-48E9-A35F-221B0271EEC0} = {324B44DE-CB36-4DAC-8015-E7BF279F91C6}
		{D9D6BB68-D68B-4094-9A79-DD5C8E295943} = {85AD9486-A944-4995-96FB-CCAFC0B1E844}
		{85AD9486-A944-4995-96FB-CCAFC0B1E844} = {324B44DE-CB36-4DAC-8015-E7BF279F91C6}
		{EA69969F-CF6E-4C9E-B710-5AFD20CD54AB} = {85AD9486-A944-4995-96FB-CCAFC0B1E844}
		{BA58C0A0-8676-4B53-B00F-8BA7A5ADE290} = {324B44DE-CB36-4DAC-8015-E7BF279F91C6}
		{1693AE88-1DC0-4141-9323-7B46555ADE16} = {BA58C0A0-8676-4B53-B00F-8BA7A5ADE290}
		{C031E9A9-0B65-4CBF-9391-B894446203B5} = {BA58C0A0-8676-4B53-B00F-8BA7A5ADE290}
		{203526F7-7EFA-4A88-8C54-E467DEB13B0E} = {C031E9A9-0B65-4CBF-9391-B894446203B5}
		{DEB9D45F-D962-49D8-8B7E-4DCD53E2591B} = {BA58C0A0-8676-4B53-B00F-8BA7A5ADE290}
		{E1FC4500-5A70-46F0-B4FA-BBD932AD0949} = {324B44DE-CB36-4DAC-8015-E7BF279F91C6}
		{B96DE0DF-BF7F-4E22-B312-501D88ADFA91} = {E1FC4500-5A70-46F0-B4FA-BBD932AD0949}
		{59C0F113-5BD5-48A3-9BE1-C4AC2DF55103} = {E1FC4500-5A70-46F0-B4FA-BBD932AD0949}
		{03868F16-6117-40F8-945A-F3AA159DCE3C} = {2EF26999-A052-45E4-A7CD-8D57DC9AB4B1}
		{2EF26999-A052-45E4-A7CD-8D57DC9AB4B1} = {C031E9A9-0B65-4CBF-9391-B894446203B5}
		{54242DA7-9864-4357-A1C7-7C86204BB876} = {2EF26999-A052-45E4-A7CD-8D57DC9AB4B1}
		{7A03FCBC-E936-4FF6-8289-1E1BD81294DB} = {01CB421D-9CBF-483F-BDDE-0838EAE1E0AB}
		{2AFA5BB4-D5FD-488B-9B54-4CBAB5DF5541} = {BA58C0A0-8676-4B53-B00F-8BA7A5ADE290}
		{CEB61FD0-F023-4417-A659-20187D8B3635} = {C031E9A9-0B65-4CBF-9391-B894446203B5}
		{275A9FD0-CE81-4CEC-BD21-6A3510B63226} = {BA58C0A0-8676-4B53-B00F-8BA7A5ADE290}
		{43A2E8A1-332C-44F3-A246-0B57912C1E6E} = {275A9FD0-CE81-4CEC-BD21-6A3510B63226}
		{DBF62837-5F71-4AE5-B889-6BB87316EDF4} = {275A9FD0-CE81-4CEC-BD21-6A3510B63226}
		{C61A705E-EF08-46B9-86FE-B887D2B34FE0} = {275A9FD0-CE81-4CEC-BD21-6A3510B63226}
		{BC84B2A8-6BE6-47F9-8405-B8B09B201053} = {C61A705E-EF08-46B9-86FE-B887D2B34FE0}
		{B2CEA59A-8AA2-4F4E-B4B2-13B78706C063} = {C031E9A9-0B65-4CBF-9391-B894446203B5}
		{13B92CD3-605F-4217-A102-F0F41876EE86} = {C61A705E-EF08-46B9-86FE-B887D2B34FE0}
		{07B08B96-EA7A-4BF6-A47F-85BE15E8E4E4} = {85AD9486-A944-4995-96FB-CCAFC0B1E844}
		{E466D7FD-AA4A-4B9A-91B0-4AD6E8B15DE6} = {C031E9A9-0B65-4CBF-9391-B894446203B5}
		{D0A61435-240B-4780-A9A5-179657B0ECA1} = {C61A705E-EF08-46B9-86FE-B887D2B34FE0}
		{EF496F8F-8CFD-4242-A6C4-2BAD4FD49C79} = {C61A705E-EF08-46B9-86FE-B887D2B34FE0}
		{45CB5CA1-4B13-4D7A-BDFF-15A50540FF3C} = {C031E9A9-0B65-4CBF-9391-B894446203B5}
		{4C659EE9-3E6D-49CD-A92A-472969816333} = {C61A705E-EF08-46B9-86FE-B887D2B34FE0}
		{35F306D7-72D9-48E3-A3F8-80251531A022} = {01CB421D-9CBF-483F-BDDE-0838EAE1E0AB}
		{69DF9F2E-FCC2-46B2-9466-45443E994EA7} = {01CB421D-9CBF-483F-BDDE-0838EAE1E0AB}
		{E94A3C64-38BC-4450-A412-47653402F2DC} = {01CB421D-9CBF-483F-BDDE-0838EAE1E0AB}
		{F6DA5D15-E636-44E4-B5BB-512D11B81ECB} = {01CB421D-9CBF-483F-BDDE-0838EAE1E0AB}
		{C82F8824-E91D-48B1-B072-F2AB9DE9EC00} = {01CB421D-9CBF-483F-BDDE-0838EAE1E0AB}
		{DAD119C7-8944-48B5-9F83-002EE15EADBD} = {01CB421D-9CBF-483F-BDDE-0838EAE1E0AB}
		{35F0029D-26AD-4AE7-88FD-C8E088DE60E7} = {01CB421D-9CBF-483F-BDDE-0838EAE1E0AB}
	EndGlobalSection
	GlobalSection(ExtensibilityGlobals) = postSolution
		SolutionGuid = {FAF44170-540B-4E5C-B308-6D8775C657F1}
	EndGlobalSection
EndGlobal
