
Microsoft Visual Studio Solution File, Format Version 12.00
# Visual Studio Version 17
VisualStudioVersion = 17.0.31612.314
MinimumVisualStudioVersion = 10.0.40219.1
Project("{9A19103F-16F7-4668-BE54-9A1E7A4F7556}") = "DotCast.Service", "DotCast.Service\DotCast.Service.csproj", "{EB01F95A-9887-4A04-AA76-A286CC84BD17}"
EndProject
Project("{9A19103F-16F7-4668-BE54-9A1E7A4F7556}") = "DotCast.RssGenerator", "DotCast.RssGenerator\DotCast.RssGenerator.csproj", "{16E41150-7723-4DE7-922C-3EA48487DAD7}"
EndProject
Project("{FAE04EC0-301F-11D3-BF4B-00C04F79EFBC}") = "DotCast.FileManager", "DotCast.FileManager\DotCast.FileManager.csproj", "{2EDE4F63-8ACB-4494-AA9D-45169F52D3CC}"
EndProject
Project("{FAE04EC0-301F-11D3-BF4B-00C04F79EFBC}") = "DotCast.FileManager.App", "DotCast.FileManager.App\DotCast.FileManager.App.csproj", "{AA3725B7-D5C8-4B11-B0F1-41FC6FDE222F}"
EndProject
Global
	GlobalSection(SolutionConfigurationPlatforms) = preSolution
		Debug|Any CPU = Debug|Any CPU
		Release|Any CPU = Release|Any CPU
	EndGlobalSection
	GlobalSection(ProjectConfigurationPlatforms) = postSolution
		{EB01F95A-9887-4A04-AA76-A286CC84BD17}.Debug|Any CPU.ActiveCfg = Debug|Any CPU
		{EB01F95A-9887-4A04-AA76-A286CC84BD17}.Debug|Any CPU.Build.0 = Debug|Any CPU
		{EB01F95A-9887-4A04-AA76-A286CC84BD17}.Release|Any CPU.ActiveCfg = Release|Any CPU
		{EB01F95A-9887-4A04-AA76-A286CC84BD17}.Release|Any CPU.Build.0 = Release|Any CPU
		{16E41150-7723-4DE7-922C-3EA48487DAD7}.Debug|Any CPU.ActiveCfg = Debug|Any CPU
		{16E41150-7723-4DE7-922C-3EA48487DAD7}.Debug|Any CPU.Build.0 = Debug|Any CPU
		{16E41150-7723-4DE7-922C-3EA48487DAD7}.Release|Any CPU.ActiveCfg = Release|Any CPU
		{16E41150-7723-4DE7-922C-3EA48487DAD7}.Release|Any CPU.Build.0 = Release|Any CPU
		{2EDE4F63-8ACB-4494-AA9D-45169F52D3CC}.Debug|Any CPU.ActiveCfg = Debug|Any CPU
		{2EDE4F63-8ACB-4494-AA9D-45169F52D3CC}.Debug|Any CPU.Build.0 = Debug|Any CPU
		{2EDE4F63-8ACB-4494-AA9D-45169F52D3CC}.Release|Any CPU.ActiveCfg = Release|Any CPU
		{2EDE4F63-8ACB-4494-AA9D-45169F52D3CC}.Release|Any CPU.Build.0 = Release|Any CPU
		{AA3725B7-D5C8-4B11-B0F1-41FC6FDE222F}.Debug|Any CPU.ActiveCfg = Debug|Any CPU
		{AA3725B7-D5C8-4B11-B0F1-41FC6FDE222F}.Debug|Any CPU.Build.0 = Debug|Any CPU
		{AA3725B7-D5C8-4B11-B0F1-41FC6FDE222F}.Release|Any CPU.ActiveCfg = Release|Any CPU
		{AA3725B7-D5C8-4B11-B0F1-41FC6FDE222F}.Release|Any CPU.Build.0 = Release|Any CPU
	EndGlobalSection
	GlobalSection(SolutionProperties) = preSolution
		HideSolutionNode = FALSE
	EndGlobalSection
	GlobalSection(ExtensibilityGlobals) = postSolution
		SolutionGuid = {FAF44170-540B-4E5C-B308-6D8775C657F1}
	EndGlobalSection
EndGlobal
